// !$*UTF8*$!
{
	archiveVersion = 1;
	classes = {
	};
	objectVersion = 56;
	objects = {

/* Begin PBXBuildFile section */
		8A14F9B92B8A6C1700EAA9E2 /* halfhazardApp.swift in Sources */ = {isa = PBXBuildFile; fileRef = 8A14F9B82B8A6C1700EAA9E2 /* halfhazardApp.swift */; };
		8A14F9BD2B8A6C1800EAA9E2 /* Assets.xcassets in Resources */ = {isa = PBXBuildFile; fileRef = 8A14F9BC2B8A6C1800EAA9E2 /* Assets.xcassets */; };
		8A14F9C02B8A6C1800EAA9E2 /* Preview Assets.xcassets in Resources */ = {isa = PBXBuildFile; fileRef = 8A14F9BF2B8A6C1800EAA9E2 /* Preview Assets.xcassets */; };
		8A4B2AB12BCC11D200A28878 /* GroupView.swift in Sources */ = {isa = PBXBuildFile; fileRef = 8A4B2AB02BCC11D200A28878 /* GroupView.swift */; };
		8A4EA7DB2BAA5C7D000F08D0 /* LoginView.swift in Sources */ = {isa = PBXBuildFile; fileRef = 8A4EA7DA2BAA5C7D000F08D0 /* LoginView.swift */; };
		8A7239602B8AC83600671984 /* Group.swift in Sources */ = {isa = PBXBuildFile; fileRef = 8A72395F2B8AC83600671984 /* Group.swift */; };
		8A7239622B8AC84A00671984 /* Expense.swift in Sources */ = {isa = PBXBuildFile; fileRef = 8A7239612B8AC84A00671984 /* Expense.swift */; };
		8A7239642B8AC87000671984 /* User.swift in Sources */ = {isa = PBXBuildFile; fileRef = 8A7239632B8AC87000671984 /* User.swift */; };
		8A8D31152BDDCE1C0050053F /* ContentView.swift in Sources */ = {isa = PBXBuildFile; fileRef = 8A8D31142BDDCE1C0050053F /* ContentView.swift */; };
		8AB154F72BB2608800BA2150 /* Utility.swift in Sources */ = {isa = PBXBuildFile; fileRef = 8AB154F62BB2608800BA2150 /* Utility.swift */; };
		8AB154FB2BB8ED7C00BA2150 /* ManageGroupsView.swift in Sources */ = {isa = PBXBuildFile; fileRef = 8AB154FA2BB8ED7C00BA2150 /* ManageGroupsView.swift */; };
		8AB240A22B9F8DD900E8848A /* CreateExpenseView.swift in Sources */ = {isa = PBXBuildFile; fileRef = 8AB240A12B9F8DD900E8848A /* CreateExpenseView.swift */; };
		8AB240A52B9FA08700E8848A /* EditExpenseView.swift in Sources */ = {isa = PBXBuildFile; fileRef = 8AB240A42B9FA08700E8848A /* EditExpenseView.swift */; };
		8AB240A72BA4A53E00E8848A /* CreateCategoryView.swift in Sources */ = {isa = PBXBuildFile; fileRef = 8AB240A62BA4A53E00E8848A /* CreateCategoryView.swift */; };
		8AB240AD2BA50C4A00E8848A /* ExpenseCategory.swift in Sources */ = {isa = PBXBuildFile; fileRef = 8AB240AC2BA50C4A00E8848A /* ExpenseCategory.swift */; };
		8AC5A2072B8D348600C69982 /* ExpenseView.swift in Sources */ = {isa = PBXBuildFile; fileRef = 8AC5A2062B8D348600C69982 /* ExpenseView.swift */; };
/* End PBXBuildFile section */

/* Begin PBXFileReference section */
		8A14F9B52B8A6C1700EAA9E2 /* halfhazard.app */ = {isa = PBXFileReference; explicitFileType = wrapper.application; includeInIndex = 0; path = halfhazard.app; sourceTree = BUILT_PRODUCTS_DIR; };
		8A14F9B82B8A6C1700EAA9E2 /* halfhazardApp.swift */ = {isa = PBXFileReference; lastKnownFileType = sourcecode.swift; path = halfhazardApp.swift; sourceTree = "<group>"; };
		8A14F9BC2B8A6C1800EAA9E2 /* Assets.xcassets */ = {isa = PBXFileReference; lastKnownFileType = folder.assetcatalog; path = Assets.xcassets; sourceTree = "<group>"; };
		8A14F9BF2B8A6C1800EAA9E2 /* Preview Assets.xcassets */ = {isa = PBXFileReference; lastKnownFileType = folder.assetcatalog; path = "Preview Assets.xcassets"; sourceTree = "<group>"; };
		8A14F9C12B8A6C1800EAA9E2 /* halfhazard.entitlements */ = {isa = PBXFileReference; lastKnownFileType = text.plist.entitlements; path = halfhazard.entitlements; sourceTree = "<group>"; };
		8A4B2AB02BCC11D200A28878 /* GroupView.swift */ = {isa = PBXFileReference; lastKnownFileType = sourcecode.swift; path = GroupView.swift; sourceTree = "<group>"; };
		8A4EA7DA2BAA5C7D000F08D0 /* LoginView.swift */ = {isa = PBXFileReference; lastKnownFileType = sourcecode.swift; path = LoginView.swift; sourceTree = SOURCE_ROOT; };
		8A72395F2B8AC83600671984 /* Group.swift */ = {isa = PBXFileReference; lastKnownFileType = sourcecode.swift; path = Group.swift; sourceTree = "<group>"; };
		8A7239612B8AC84A00671984 /* Expense.swift */ = {isa = PBXFileReference; lastKnownFileType = sourcecode.swift; path = Expense.swift; sourceTree = "<group>"; };
		8A7239632B8AC87000671984 /* User.swift */ = {isa = PBXFileReference; lastKnownFileType = sourcecode.swift; path = User.swift; sourceTree = "<group>"; };
		8A8D31142BDDCE1C0050053F /* ContentView.swift */ = {isa = PBXFileReference; lastKnownFileType = sourcecode.swift; path = ContentView.swift; sourceTree = "<group>"; };
		8AB154F62BB2608800BA2150 /* Utility.swift */ = {isa = PBXFileReference; lastKnownFileType = sourcecode.swift; path = Utility.swift; sourceTree = "<group>"; };
		8AB154FA2BB8ED7C00BA2150 /* ManageGroupsView.swift */ = {isa = PBXFileReference; lastKnownFileType = sourcecode.swift; path = ManageGroupsView.swift; sourceTree = "<group>"; };
		8AB154FC2BBD90F900BA2150 /* Info.plist */ = {isa = PBXFileReference; lastKnownFileType = text.plist; path = Info.plist; sourceTree = "<group>"; };
		8AB240A12B9F8DD900E8848A /* CreateExpenseView.swift */ = {isa = PBXFileReference; lastKnownFileType = sourcecode.swift; path = CreateExpenseView.swift; sourceTree = "<group>"; };
		8AB240A42B9FA08700E8848A /* EditExpenseView.swift */ = {isa = PBXFileReference; lastKnownFileType = sourcecode.swift; path = EditExpenseView.swift; sourceTree = "<group>"; };
		8AB240A62BA4A53E00E8848A /* CreateCategoryView.swift */ = {isa = PBXFileReference; lastKnownFileType = sourcecode.swift; path = CreateCategoryView.swift; sourceTree = "<group>"; };
		8AB240AC2BA50C4A00E8848A /* ExpenseCategory.swift */ = {isa = PBXFileReference; lastKnownFileType = sourcecode.swift; name = ExpenseCategory.swift; path = halfhazard/Models/ExpenseCategory.swift; sourceTree = SOURCE_ROOT; };
		8AC5A2062B8D348600C69982 /* ExpenseView.swift */ = {isa = PBXFileReference; lastKnownFileType = sourcecode.swift; path = ExpenseView.swift; sourceTree = "<group>"; };
		8AC5A2082B8D390700C69982 /* README.md */ = {isa = PBXFileReference; lastKnownFileType = net.daringfireball.markdown; path = README.md; sourceTree = "<group>"; };
/* End PBXFileReference section */

/* Begin PBXFrameworksBuildPhase section */
		8A14F9B22B8A6C1700EAA9E2 /* Frameworks */ = {
			isa = PBXFrameworksBuildPhase;
			buildActionMask = 2147483647;
			files = (
			);
			runOnlyForDeploymentPostprocessing = 0;
		};
/* End PBXFrameworksBuildPhase section */

/* Begin PBXGroup section */
		8A14F9AC2B8A6C1700EAA9E2 = {
			isa = PBXGroup;
			children = (
				8AC5A2082B8D390700C69982 /* README.md */,
				8A14F9B72B8A6C1700EAA9E2 /* halfhazard */,
				8A14F9B62B8A6C1700EAA9E2 /* Products */,
			);
			sourceTree = "<group>";
		};
		8A14F9B62B8A6C1700EAA9E2 /* Products */ = {
			isa = PBXGroup;
			children = (
				8A14F9B52B8A6C1700EAA9E2 /* halfhazard.app */,
			);
			name = Products;
			sourceTree = "<group>";
		};
		8A14F9B72B8A6C1700EAA9E2 /* halfhazard */ = {
			isa = PBXGroup;
			children = (
				8AB154FC2BBD90F900BA2150 /* Info.plist */,
				8AB240A32B9FA06300E8848A /* Views */,
				8A72395E2B8AC81F00671984 /* Models */,
				8A14F9B82B8A6C1700EAA9E2 /* halfhazardApp.swift */,
				8A14F9BC2B8A6C1800EAA9E2 /* Assets.xcassets */,
				8A14F9C12B8A6C1800EAA9E2 /* halfhazard.entitlements */,
				8A14F9BE2B8A6C1800EAA9E2 /* Preview Content */,
				8AB154F62BB2608800BA2150 /* Utility.swift */,
			);
			path = halfhazard;
			sourceTree = "<group>";
		};
		8A14F9BE2B8A6C1800EAA9E2 /* Preview Content */ = {
			isa = PBXGroup;
			children = (
				8A14F9BF2B8A6C1800EAA9E2 /* Preview Assets.xcassets */,
			);
			path = "Preview Content";
			sourceTree = "<group>";
		};
		8A72395E2B8AC81F00671984 /* Models */ = {
			isa = PBXGroup;
			children = (
				8AB240AC2BA50C4A00E8848A /* ExpenseCategory.swift */,
				8A72395F2B8AC83600671984 /* Group.swift */,
				8A7239612B8AC84A00671984 /* Expense.swift */,
				8A7239632B8AC87000671984 /* User.swift */,
			);
			path = Models;
			sourceTree = "<group>";
		};
		8AB240A32B9FA06300E8848A /* Views */ = {
			isa = PBXGroup;
			children = (
				8A4EA7DA2BAA5C7D000F08D0 /* LoginView.swift */,
				8A8D31142BDDCE1C0050053F /* ContentView.swift */,
				8AC5A2062B8D348600C69982 /* ExpenseView.swift */,
				8AB240A12B9F8DD900E8848A /* CreateExpenseView.swift */,
				8AB240A42B9FA08700E8848A /* EditExpenseView.swift */,
				8AB240A62BA4A53E00E8848A /* CreateCategoryView.swift */,
				8AB154FA2BB8ED7C00BA2150 /* ManageGroupsView.swift */,
				8A4B2AB02BCC11D200A28878 /* GroupView.swift */,
			);
			path = Views;
			sourceTree = "<group>";
		};
/* End PBXGroup section */

/* Begin PBXNativeTarget section */
		8A14F9B42B8A6C1700EAA9E2 /* halfhazard */ = {
			isa = PBXNativeTarget;
			buildConfigurationList = 8A14F9C42B8A6C1800EAA9E2 /* Build configuration list for PBXNativeTarget "halfhazard" */;
			buildPhases = (
				8A14F9B12B8A6C1700EAA9E2 /* Sources */,
				8A14F9B22B8A6C1700EAA9E2 /* Frameworks */,
				8A14F9B32B8A6C1700EAA9E2 /* Resources */,
			);
			buildRules = (
			);
			dependencies = (
			);
			name = halfhazard;
			productName = frilling;
			productReference = 8A14F9B52B8A6C1700EAA9E2 /* halfhazard.app */;
			productType = "com.apple.product-type.application";
		};
/* End PBXNativeTarget section */

/* Begin PBXProject section */
		8A14F9AD2B8A6C1700EAA9E2 /* Project object */ = {
			isa = PBXProject;
			attributes = {
				BuildIndependentTargetsInParallel = 1;
				LastSwiftUpdateCheck = 1510;
				LastUpgradeCheck = 1510;
				TargetAttributes = {
					8A14F9B42B8A6C1700EAA9E2 = {
						CreatedOnToolsVersion = 15.1;
					};
				};
			};
			buildConfigurationList = 8A14F9B02B8A6C1700EAA9E2 /* Build configuration list for PBXProject "halfhazard" */;
			compatibilityVersion = "Xcode 14.0";
			developmentRegion = en;
			hasScannedForEncodings = 0;
			knownRegions = (
				en,
				Base,
			);
			mainGroup = 8A14F9AC2B8A6C1700EAA9E2;
			productRefGroup = 8A14F9B62B8A6C1700EAA9E2 /* Products */;
			projectDirPath = "";
			projectRoot = "";
			targets = (
				8A14F9B42B8A6C1700EAA9E2 /* halfhazard */,
			);
		};
/* End PBXProject section */

/* Begin PBXResourcesBuildPhase section */
		8A14F9B32B8A6C1700EAA9E2 /* Resources */ = {
			isa = PBXResourcesBuildPhase;
			buildActionMask = 2147483647;
			files = (
				8A14F9C02B8A6C1800EAA9E2 /* Preview Assets.xcassets in Resources */,
				8A14F9BD2B8A6C1800EAA9E2 /* Assets.xcassets in Resources */,
			);
			runOnlyForDeploymentPostprocessing = 0;
		};
/* End PBXResourcesBuildPhase section */

/* Begin PBXSourcesBuildPhase section */
		8A14F9B12B8A6C1700EAA9E2 /* Sources */ = {
			isa = PBXSourcesBuildPhase;
			buildActionMask = 2147483647;
			files = (
				8AB154F72BB2608800BA2150 /* Utility.swift in Sources */,
				8AB240A72BA4A53E00E8848A /* CreateCategoryView.swift in Sources */,
				8A4B2AB12BCC11D200A28878 /* GroupView.swift in Sources */,
				8AB240AD2BA50C4A00E8848A /* ExpenseCategory.swift in Sources */,
				8AB240A52B9FA08700E8848A /* EditExpenseView.swift in Sources */,
				8A8D31152BDDCE1C0050053F /* ContentView.swift in Sources */,
				8AB240A22B9F8DD900E8848A /* CreateExpenseView.swift in Sources */,
				8A4EA7DB2BAA5C7D000F08D0 /* LoginView.swift in Sources */,
				8A7239642B8AC87000671984 /* User.swift in Sources */,
				8AB154FB2BB8ED7C00BA2150 /* ManageGroupsView.swift in Sources */,
				8A14F9B92B8A6C1700EAA9E2 /* halfhazardApp.swift in Sources */,
				8A7239602B8AC83600671984 /* Group.swift in Sources */,
				8A7239622B8AC84A00671984 /* Expense.swift in Sources */,
				8AC5A2072B8D348600C69982 /* ExpenseView.swift in Sources */,
			);
			runOnlyForDeploymentPostprocessing = 0;
		};
/* End PBXSourcesBuildPhase section */

/* Begin XCBuildConfiguration section */
		8A14F9C22B8A6C1800EAA9E2 /* Debug */ = {
			isa = XCBuildConfiguration;
			buildSettings = {
				ALWAYS_SEARCH_USER_PATHS = NO;
				ASSETCATALOG_COMPILER_GENERATE_SWIFT_ASSET_SYMBOL_EXTENSIONS = YES;
				CLANG_ANALYZER_NONNULL = YES;
				CLANG_ANALYZER_NUMBER_OBJECT_CONVERSION = YES_AGGRESSIVE;
				CLANG_CXX_LANGUAGE_STANDARD = "gnu++20";
				CLANG_ENABLE_MODULES = YES;
				CLANG_ENABLE_OBJC_ARC = YES;
				CLANG_ENABLE_OBJC_WEAK = YES;
				CLANG_WARN_BLOCK_CAPTURE_AUTORELEASING = YES;
				CLANG_WARN_BOOL_CONVERSION = YES;
				CLANG_WARN_COMMA = YES;
				CLANG_WARN_CONSTANT_CONVERSION = YES;
				CLANG_WARN_DEPRECATED_OBJC_IMPLEMENTATIONS = YES;
				CLANG_WARN_DIRECT_OBJC_ISA_USAGE = YES_ERROR;
				CLANG_WARN_DOCUMENTATION_COMMENTS = YES;
				CLANG_WARN_EMPTY_BODY = YES;
				CLANG_WARN_ENUM_CONVERSION = YES;
				CLANG_WARN_INFINITE_RECURSION = YES;
				CLANG_WARN_INT_CONVERSION = YES;
				CLANG_WARN_NON_LITERAL_NULL_CONVERSION = YES;
				CLANG_WARN_OBJC_IMPLICIT_RETAIN_SELF = YES;
				CLANG_WARN_OBJC_LITERAL_CONVERSION = YES;
				CLANG_WARN_OBJC_ROOT_CLASS = YES_ERROR;
				CLANG_WARN_QUOTED_INCLUDE_IN_FRAMEWORK_HEADER = YES;
				CLANG_WARN_RANGE_LOOP_ANALYSIS = YES;
				CLANG_WARN_STRICT_PROTOTYPES = YES;
				CLANG_WARN_SUSPICIOUS_MOVE = YES;
				CLANG_WARN_UNGUARDED_AVAILABILITY = YES_AGGRESSIVE;
				CLANG_WARN_UNREACHABLE_CODE = YES;
				CLANG_WARN__DUPLICATE_METHOD_MATCH = YES;
				COPY_PHASE_STRIP = NO;
				DEBUG_INFORMATION_FORMAT = dwarf;
				ENABLE_STRICT_OBJC_MSGSEND = YES;
				ENABLE_TESTABILITY = YES;
				ENABLE_USER_SCRIPT_SANDBOXING = YES;
				GCC_C_LANGUAGE_STANDARD = gnu17;
				GCC_DYNAMIC_NO_PIC = NO;
				GCC_NO_COMMON_BLOCKS = YES;
				GCC_OPTIMIZATION_LEVEL = 0;
				GCC_PREPROCESSOR_DEFINITIONS = (
					"DEBUG=1",
					"$(inherited)",
				);
				GCC_WARN_64_TO_32_BIT_CONVERSION = YES;
				GCC_WARN_ABOUT_RETURN_TYPE = YES_ERROR;
				GCC_WARN_UNDECLARED_SELECTOR = YES;
				GCC_WARN_UNINITIALIZED_AUTOS = YES_AGGRESSIVE;
				GCC_WARN_UNUSED_FUNCTION = YES;
				GCC_WARN_UNUSED_VARIABLE = YES;
				LOCALIZATION_PREFERS_STRING_CATALOGS = YES;
				MACOSX_DEPLOYMENT_TARGET = 14.2;
				MTL_ENABLE_DEBUG_INFO = INCLUDE_SOURCE;
				MTL_FAST_MATH = YES;
				ONLY_ACTIVE_ARCH = YES;
				SDKROOT = iphoneos;
				SUPPORTED_PLATFORMS = "iphonesimulator iphoneos macosx";
				SWIFT_ACTIVE_COMPILATION_CONDITIONS = "DEBUG $(inherited)";
				SWIFT_OPTIMIZATION_LEVEL = "-Onone";
			};
			name = Debug;
		};
		8A14F9C32B8A6C1800EAA9E2 /* Release */ = {
			isa = XCBuildConfiguration;
			buildSettings = {
				ALWAYS_SEARCH_USER_PATHS = NO;
				ASSETCATALOG_COMPILER_GENERATE_SWIFT_ASSET_SYMBOL_EXTENSIONS = YES;
				CLANG_ANALYZER_NONNULL = YES;
				CLANG_ANALYZER_NUMBER_OBJECT_CONVERSION = YES_AGGRESSIVE;
				CLANG_CXX_LANGUAGE_STANDARD = "gnu++20";
				CLANG_ENABLE_MODULES = YES;
				CLANG_ENABLE_OBJC_ARC = YES;
				CLANG_ENABLE_OBJC_WEAK = YES;
				CLANG_WARN_BLOCK_CAPTURE_AUTORELEASING = YES;
				CLANG_WARN_BOOL_CONVERSION = YES;
				CLANG_WARN_COMMA = YES;
				CLANG_WARN_CONSTANT_CONVERSION = YES;
				CLANG_WARN_DEPRECATED_OBJC_IMPLEMENTATIONS = YES;
				CLANG_WARN_DIRECT_OBJC_ISA_USAGE = YES_ERROR;
				CLANG_WARN_DOCUMENTATION_COMMENTS = YES;
				CLANG_WARN_EMPTY_BODY = YES;
				CLANG_WARN_ENUM_CONVERSION = YES;
				CLANG_WARN_INFINITE_RECURSION = YES;
				CLANG_WARN_INT_CONVERSION = YES;
				CLANG_WARN_NON_LITERAL_NULL_CONVERSION = YES;
				CLANG_WARN_OBJC_IMPLICIT_RETAIN_SELF = YES;
				CLANG_WARN_OBJC_LITERAL_CONVERSION = YES;
				CLANG_WARN_OBJC_ROOT_CLASS = YES_ERROR;
				CLANG_WARN_QUOTED_INCLUDE_IN_FRAMEWORK_HEADER = YES;
				CLANG_WARN_RANGE_LOOP_ANALYSIS = YES;
				CLANG_WARN_STRICT_PROTOTYPES = YES;
				CLANG_WARN_SUSPICIOUS_MOVE = YES;
				CLANG_WARN_UNGUARDED_AVAILABILITY = YES_AGGRESSIVE;
				CLANG_WARN_UNREACHABLE_CODE = YES;
				CLANG_WARN__DUPLICATE_METHOD_MATCH = YES;
				COPY_PHASE_STRIP = NO;
				DEBUG_INFORMATION_FORMAT = "dwarf-with-dsym";
				ENABLE_NS_ASSERTIONS = NO;
				ENABLE_STRICT_OBJC_MSGSEND = YES;
				ENABLE_USER_SCRIPT_SANDBOXING = YES;
				GCC_C_LANGUAGE_STANDARD = gnu17;
				GCC_NO_COMMON_BLOCKS = YES;
				GCC_WARN_64_TO_32_BIT_CONVERSION = YES;
				GCC_WARN_ABOUT_RETURN_TYPE = YES_ERROR;
				GCC_WARN_UNDECLARED_SELECTOR = YES;
				GCC_WARN_UNINITIALIZED_AUTOS = YES_AGGRESSIVE;
				GCC_WARN_UNUSED_FUNCTION = YES;
				GCC_WARN_UNUSED_VARIABLE = YES;
				LOCALIZATION_PREFERS_STRING_CATALOGS = YES;
				MACOSX_DEPLOYMENT_TARGET = 14.2;
				MTL_ENABLE_DEBUG_INFO = NO;
				MTL_FAST_MATH = YES;
				SDKROOT = iphoneos;
				SUPPORTED_PLATFORMS = "iphonesimulator iphoneos macosx";
				SWIFT_COMPILATION_MODE = wholemodule;
			};
			name = Release;
		};
		8A14F9C52B8A6C1800EAA9E2 /* Debug */ = {
			isa = XCBuildConfiguration;
			buildSettings = {
				ASSETCATALOG_COMPILER_APPICON_NAME = "";
				"ASSETCATALOG_COMPILER_APPICON_NAME[sdk=iphoneos*]" = AppIcon;
				"ASSETCATALOG_COMPILER_APPICON_NAME[sdk=macosx*]" = AppIcon;
				ASSETCATALOG_COMPILER_GLOBAL_ACCENT_COLOR_NAME = AccentColor;
				ASSETCATALOG_COMPILER_INCLUDE_ALL_APPICON_ASSETS = YES;
				CODE_SIGN_ENTITLEMENTS = halfhazard/halfhazard.entitlements;
				"CODE_SIGN_IDENTITY[sdk=macosx*]" = "Apple Development";
				CODE_SIGN_STYLE = Automatic;
				COMBINE_HIDPI_IMAGES = YES;
				CURRENT_PROJECT_VERSION = 1;
				DEVELOPMENT_ASSET_PATHS = "\"halfhazard/Preview Content\"";
				DEVELOPMENT_TEAM = 625V8DUDMK;
				ENABLE_HARDENED_RUNTIME = NO;
				ENABLE_PREVIEWS = YES;
				GENERATE_INFOPLIST_FILE = YES;
				INFOPLIST_FILE = halfhazard/Info.plist;
				INFOPLIST_KEY_LSApplicationCategoryType = "public.app-category.finance";
				INFOPLIST_KEY_NSHumanReadableCopyright = "";
				INFOPLIST_KEY_UIRequiresFullScreen = YES;
				INFOPLIST_KEY_UISupportedInterfaceOrientations = UIInterfaceOrientationPortrait;
				LD_RUNPATH_SEARCH_PATHS = (
					"$(inherited)",
					"@executable_path/../Frameworks",
				);
				MARKETING_VERSION = 1.2.0;
				NEW_SETTING = "";
				PRODUCT_BUNDLE_IDENTIFIER = net.jowj.halfhazard;
				PRODUCT_NAME = "$(TARGET_NAME)";
				SUPPORTED_PLATFORMS = "iphoneos iphonesimulator macosx";
				SUPPORTS_MACCATALYST = NO;
				SWIFT_EMIT_LOC_STRINGS = YES;
				SWIFT_VERSION = 5.0;
				TARGETED_DEVICE_FAMILY = "1,2";
			};
			name = Debug;
		};
		8A14F9C62B8A6C1800EAA9E2 /* Release */ = {
			isa = XCBuildConfiguration;
			buildSettings = {
				ASSETCATALOG_COMPILER_APPICON_NAME = "";
				"ASSETCATALOG_COMPILER_APPICON_NAME[sdk=iphoneos*]" = AppIcon;
				"ASSETCATALOG_COMPILER_APPICON_NAME[sdk=macosx*]" = AppIcon;
				ASSETCATALOG_COMPILER_GLOBAL_ACCENT_COLOR_NAME = AccentColor;
				ASSETCATALOG_COMPILER_INCLUDE_ALL_APPICON_ASSETS = YES;
				CODE_SIGN_ENTITLEMENTS = halfhazard/halfhazard.entitlements;
				"CODE_SIGN_IDENTITY[sdk=macosx*]" = "Apple Development";
				CODE_SIGN_STYLE = Automatic;
				COMBINE_HIDPI_IMAGES = YES;
				CURRENT_PROJECT_VERSION = 1;
				DEVELOPMENT_ASSET_PATHS = "\"halfhazard/Preview Content\"";
				DEVELOPMENT_TEAM = 625V8DUDMK;
				ENABLE_HARDENED_RUNTIME = NO;
				ENABLE_PREVIEWS = YES;
				GENERATE_INFOPLIST_FILE = YES;
				INFOPLIST_FILE = halfhazard/Info.plist;
				INFOPLIST_KEY_LSApplicationCategoryType = "public.app-category.finance";
				INFOPLIST_KEY_NSHumanReadableCopyright = "";
				INFOPLIST_KEY_UIRequiresFullScreen = YES;
				INFOPLIST_KEY_UISupportedInterfaceOrientations = UIInterfaceOrientationPortrait;
				LD_RUNPATH_SEARCH_PATHS = (
					"$(inherited)",
					"@executable_path/../Frameworks",
				);
				MARKETING_VERSION = 1.2.0;
				NEW_SETTING = "";
				PRODUCT_BUNDLE_IDENTIFIER = net.jowj.halfhazard;
				PRODUCT_NAME = "$(TARGET_NAME)";
				SUPPORTED_PLATFORMS = "iphoneos iphonesimulator macosx";
				SUPPORTS_MACCATALYST = NO;
				SWIFT_EMIT_LOC_STRINGS = YES;
				SWIFT_VERSION = 5.0;
				TARGETED_DEVICE_FAMILY = "1,2";
			};
			name = Release;
		};
/* End XCBuildConfiguration section */

/* Begin XCConfigurationList section */
		8A14F9B02B8A6C1700EAA9E2 /* Build configuration list for PBXProject "halfhazard" */ = {
			isa = XCConfigurationList;
			buildConfigurations = (
				8A14F9C22B8A6C1800EAA9E2 /* Debug */,
				8A14F9C32B8A6C1800EAA9E2 /* Release */,
			);
			defaultConfigurationIsVisible = 0;
			defaultConfigurationName = Release;
		};
		8A14F9C42B8A6C1800EAA9E2 /* Build configuration list for PBXNativeTarget "halfhazard" */ = {
			isa = XCConfigurationList;
			buildConfigurations = (
				8A14F9C52B8A6C1800EAA9E2 /* Debug */,
				8A14F9C62B8A6C1800EAA9E2 /* Release */,
			);
			defaultConfigurationIsVisible = 0;
			defaultConfigurationName = Release;
		};
/* End XCConfigurationList section */
	};
	rootObject = 8A14F9AD2B8A6C1700EAA9E2 /* Project object */;
}
